{
  "name": "r_nodeproject-12june_1",
  "version": "1.0.0",
  "lockfileVersion": 1,
  "requires": true,
  "dependencies": {
    "nodeproject-12june": {
      "version": "1.0.0",
      "resolved": "https://registry.npmjs.org/nodeproject-12june/-/nodeproject-12june-1.0.0.tgz",
      "integrity": "sha512-qOnfxG/Jb9mhR2T2pUoqUTZcYNpHdWRGk5ZBBdjEuwTREXyQr1IXiGA2bR6GwP4mWQ/fZ8bsM0vFhblzl3mhAQ=="
    }
  }
}
